
Microsoft Visual Studio Solution File, Format Version 12.00
# Visual Studio Version 16
VisualStudioVersion = 16.0.30011.22
MinimumVisualStudioVersion = 10.0.40219.1
Project("{8BC9CEB8-8B4A-11D0-8D11-00A0C91BC942}") = "X-O project", "X-O project\X-O project.vcxproj", "{FC21807D-A2BC-402F-AA6A-7A1E62FC9404}"
EndProject
Global
	GlobalSection(SolutionConfigurationPlatforms) = preSolution
		Debug|x64 = Debug|x64
		Debug|x86 = Debug|x86
		Release|x64 = Release|x64
		Release|x86 = Release|x86
	EndGlobalSection
	GlobalSection(ProjectConfigurationPlatforms) = postSolution
		{FC21807D-A2BC-402F-AA6A-7A1E62FC9404}.Debug|x64.ActiveCfg = Debug|x64
		{FC21807D-A2BC-402F-AA6A-7A1E62FC9404}.Debug|x64.Build.0 = Debug|x64
		{FC21807D-A2BC-402F-AA6A-7A1E62FC9404}.Debug|x86.ActiveCfg = Debug|Win32
		{FC21807D-A2BC-402F-AA6A-7A1E62FC9404}.Debug|x86.Build.0 = Debug|Win32
		{FC21807D-A2BC-402F-AA6A-7A1E62FC9404}.Release|x64.ActiveCfg = Release|x64
		{FC21807D-A2BC-402F-AA6A-7A1E62FC9404}.Release|x64.Build.0 = Release|x64
		{FC21807D-A2BC-402F-AA6A-7A1E62FC9404}.Release|x86.ActiveCfg = Release|Win32
		{FC21807D-A2BC-402F-AA6A-7A1E62FC9404}.Release|x86.Build.0 = Release|Win32
	EndGlobalSection
	GlobalSection(SolutionProperties) = preSolution
		HideSolutionNode = FALSE
	EndGlobalSection
	GlobalSection(ExtensibilityGlobals) = postSolution
		SolutionGuid = {0B154B68-6ED7-42E9-9508-566E7CA904F3}
	EndGlobalSection
EndGlobal
